%{
  "earmark": {:hex, :earmark, "1.2.4", "99b637c62a4d65a20a9fb674b8cffb8baa771c04605a80c911c4418c69b75439", [:mix], [], "hexpm", "1b34655872366414f69dd987cb121c049f76984b6ac69f52fff6d8fd64d29cfd"},
  "ex_doc": {:hex, :ex_doc, "0.18.3", "f4b0e4a2ec6f333dccf761838a4b253d75e11f714b85ae271c9ae361367897b7", [:mix], [{:earmark, "~> 1.1", [hex: :earmark, repo: "hexpm", optional: false]}], "hexpm", "33d7b70d87d45ed899180fb0413fb77c7c48843188516e15747e00fdecf572b6"},
  "inch_ex": {:hex, :inch_ex, "0.5.6", "418357418a553baa6d04eccd1b44171936817db61f4c0840112b420b8e378e67", [:mix], [{:poison, "~> 1.5 or ~> 2.0 or ~> 3.0", [hex: :poison, repo: "hexpm", optional: false]}], "hexpm", "7123ca0450686a61416a06cd38e26af18fd0f8c1cff5214770a957c6e0724338"},
  "poison": {:hex, :poison, "3.1.0", "d9eb636610e096f86f25d9a46f35a9facac35609a7591b3be3326e99a0484665", [:mix], [], "hexpm", "fec8660eb7733ee4117b85f55799fd3833eb769a6df71ccf8903e8dc5447cfce"},
}
